
Microsoft Visual Studio Solution File, Format Version 12.00
# Visual Studio Version 17
VisualStudioVersion = 17.10.35004.147
MinimumVisualStudioVersion = 10.0.40219.1
Project("{FAE04EC0-301F-11D3-BF4B-00C04F79EFBC}") = "HelloWord", "HelloWord\HelloWord.csproj", "{ED0DAFB6-A179-4795-BC9A-B6DFE4513A46}"
EndProject
Global
	GlobalSection(SolutionConfigurationPlatforms) = preSolution
		Debug|Any CPU = Debug|Any CPU
		Release|Any CPU = Release|Any CPU
	EndGlobalSection
	GlobalSection(ProjectConfigurationPlatforms) = postSolution
		{ED0DAFB6-A179-4795-BC9A-B6DFE4513A46}.Debug|Any CPU.ActiveCfg = Debug|Any CPU
		{ED0DAFB6-A179-4795-BC9A-B6DFE4513A46}.Debug|Any CPU.Build.0 = Debug|Any CPU
		{ED0DAFB6-A179-4795-BC9A-B6DFE4513A46}.Release|Any CPU.ActiveCfg = Release|Any CPU
		{ED0DAFB6-A179-4795-BC9A-B6DFE4513A46}.Release|Any CPU.Build.0 = Release|Any CPU
	EndGlobalSection
	GlobalSection(SolutionProperties) = preSolution
		HideSolutionNode = FALSE
	EndGlobalSection
	GlobalSection(ExtensibilityGlobals) = postSolution
		SolutionGuid = {4CA87671-8F69-444C-A94A-C9BEA3628B96}
	EndGlobalSection
EndGlobal
